
Microsoft Visual Studio Solution File, Format Version 12.00
# Visual Studio Version 17
VisualStudioVersion = 17.3.32901.215
MinimumVisualStudioVersion = 10.0.40219.1
Project("{FAE04EC0-301F-11D3-BF4B-00C04F79EFBC}") = "Nasljedivanje_2", "Nasljedivanje_2\Nasljedivanje_2.csproj", "{D7D77E40-D5FA-443F-9630-CDAA4DCB285A}"
EndProject
Global
	GlobalSection(SolutionConfigurationPlatforms) = preSolution
		Debug|Any CPU = Debug|Any CPU
		Release|Any CPU = Release|Any CPU
	EndGlobalSection
	GlobalSection(ProjectConfigurationPlatforms) = postSolution
		{D7D77E40-D5FA-443F-9630-CDAA4DCB285A}.Debug|Any CPU.ActiveCfg = Debug|Any CPU
		{D7D77E40-D5FA-443F-9630-CDAA4DCB285A}.Debug|Any CPU.Build.0 = Debug|Any CPU
		{D7D77E40-D5FA-443F-9630-CDAA4DCB285A}.Release|Any CPU.ActiveCfg = Release|Any CPU
		{D7D77E40-D5FA-443F-9630-CDAA4DCB285A}.Release|Any CPU.Build.0 = Release|Any CPU
	EndGlobalSection
	GlobalSection(SolutionProperties) = preSolution
		HideSolutionNode = FALSE
	EndGlobalSection
	GlobalSection(ExtensibilityGlobals) = postSolution
		SolutionGuid = {E8C5C5D4-4A88-44A9-8A6C-1623E73A496C}
	EndGlobalSection
EndGlobal
